version = 1
revision = 3
requires-python = "==3.13.*"

[[package]]
name = "apscheduler"
version = "3.11.1"
source = { registry = "https://pypi.org/simple" }
dependencies = [
    { name = "tzlocal" },
]
sdist = { url = "https://files.pythonhosted.org/packages/d0/81/192db4f8471de5bc1f0d098783decffb1e6e69c4f8b4bc6711094691950b/apscheduler-3.11.1.tar.gz", hash = "sha256:0db77af6400c84d1747fe98a04b8b58f0080c77d11d338c4f507a9752880f221", size = 108044, upload-time = "2025-10-31T18:55:42.819Z" }
wheels = [
    { url = "https://files.pythonhosted.org/packages/58/9f/d3c76f76c73fcc959d28e9def45b8b1cc3d7722660c5003b19c1022fd7f4/apscheduler-3.11.1-py3-none-any.whl", hash = "sha256:6162cb5683cb09923654fa9bdd3130c4be4bfda6ad8990971c9597ecd52965d2", size = 64278, upload-time = "2025-10-31T18:55:41.186Z" },
]

[[package]]
name = "cachetools"
version = "4.2.1"
source = { registry = "https://pypi.org/simple" }
sdist = { url = "https://files.pythonhosted.org/packages/74/17/5735dd9f015f03d2d928ea108f3c02075b784ceed05d32a98e7e44ddd114/cachetools-4.2.1.tar.gz", hash = "sha256:f469e29e7aa4cff64d8de4aad95ce76de8ea1125a16c68e0d93f65c3c3dc92e9", size = 24753, upload-time = "2021-01-24T22:40:13.746Z" }
wheels = [
    { url = "https://files.pythonhosted.org/packages/bb/72/8df2e0dc991f1a1d2c6869404e7622e8ee50d80bff357dbb57c3df70305b/cachetools-4.2.1-py3-none-any.whl", hash = "sha256:1d9d5f567be80f7c07d765e21b814326d78c61eb0c3a637dffc0e5d1796cb2e2", size = 12003, upload-time = "2021-01-24T22:40:11.795Z" },
]

[[package]]
name = "certifi"
version = "2025.11.12"
source = { registry = "https://pypi.org/simple" }
sdist = { url = "https://files.pythonhosted.org/packages/a2/8c/58f469717fa48465e4a50c014a0400602d3c437d7c0c468e17ada824da3a/certifi-2025.11.12.tar.gz", hash = "sha256:d8ab5478f2ecd78af242878415affce761ca6bc54a22a27e026d7c25357c3316", size = 160538, upload-time = "2025-11-12T02:54:51.517Z" }
wheels = [
    { url = "https://files.pythonhosted.org/packages/70/7d/9bc192684cea499815ff478dfcdc13835ddf401365057044fb721ec6bddb/certifi-2025.11.12-py3-none-any.whl", hash = "sha256:97de8790030bbd5c2d96b7ec782fc2f7820ef8dba6db909ccf95449f2d062d4b", size = 159438, upload-time = "2025-11-12T02:54:49.735Z" },
]

[[package]]
name = "charset-normalizer"
version = "3.4.4"
source = { registry = "https://pypi.org/simple" }
sdist = { url = "https://files.pythonhosted.org/packages/13/69/33ddede1939fdd074bce5434295f38fae7136463422fe4fd3e0e89b98062/charset_normalizer-3.4.4.tar.gz", hash = "sha256:94537985111c35f28720e43603b8e7b43a6ecfb2ce1d3058bbe955b73404e21a", size = 129418, upload-time = "2025-10-14T04:42:32.879Z" }
wheels = [
    { url = "https://files.pythonhosted.org/packages/97/45/4b3a1239bbacd321068ea6e7ac28875b03ab8bc0aa0966452db17cd36714/charset_normalizer-3.4.4-cp313-cp313-macosx_10_13_universal2.whl", hash = "sha256:e1f185f86a6f3403aa2420e815904c67b2f9ebc443f045edd0de921108345794", size = 208091, upload-time = "2025-10-14T04:41:13.346Z" },
    { url = "https://files.pythonhosted.org/packages/7d/62/73a6d7450829655a35bb88a88fca7d736f9882a27eacdca2c6d505b57e2e/charset_normalizer-3.4.4-cp313-cp313-manylinux2014_aarch64.manylinux_2_17_aarch64.manylinux_2_28_aarch64.whl", hash = "sha256:6b39f987ae8ccdf0d2642338faf2abb1862340facc796048b604ef14919e55ed", size = 147936, upload-time = "2025-10-14T04:41:14.461Z" },
    { url = "https://files.pythonhosted.org/packages/89/c5/adb8c8b3d6625bef6d88b251bbb0d95f8205831b987631ab0c8bb5d937c2/charset_normalizer-3.4.4-cp313-cp313-manylinux2014_armv7l.manylinux_2_17_armv7l.manylinux_2_31_armv7l.whl", hash = "sha256:3162d5d8ce1bb98dd51af660f2121c55d0fa541b46dff7bb9b9f86ea1d87de72", size = 144180, upload-time = "2025-10-14T04:41:15.588Z" },
    { url = "https://files.pythonhosted.org/packages/91/ed/9706e4070682d1cc219050b6048bfd293ccf67b3d4f5a4f39207453d4b99/charset_normalizer-3.4.4-cp313-cp313-manylinux2014_ppc64le.manylinux_2_17_ppc64le.manylinux_2_28_ppc64le.whl", hash = "sha256:81d5eb2a312700f4ecaa977a8235b634ce853200e828fbadf3a9c50bab278328", size = 161346, upload-time = "2025-10-14T04:41:16.738Z" },
    { url = "https://files.pythonhosted.org/packages/d5/0d/031f0d95e4972901a2f6f09ef055751805ff541511dc1252ba3ca1f80cf5/charset_normalizer-3.4.4-cp313-cp313-manylinux2014_s390x.manylinux_2_17_s390x.manylinux_2_28_s390x.whl", hash = "sha256:5bd2293095d766545ec1a8f612559f6b40abc0eb18bb2f5d1171872d34036ede", size = 158874, upload-time = "2025-10-14T04:41:17.923Z" },
    { url = "https://files.pythonhosted.org/packages/f5/83/6ab5883f57c9c801ce5e5677242328aa45592be8a00644310a008d04f922/charset_normalizer-3.4.4-cp313-cp313-manylinux2014_x86_64.manylinux_2_17_x86_64.manylinux_2_28_x86_64.whl", hash = "sha256:a8a8b89589086a25749f471e6a900d3f662d1d3b6e2e59dcecf787b1cc3a1894", size = 153076, upload-time = "2025-10-14T04:41:19.106Z" },
    { url = "https://files.pythonhosted.org/packages/75/1e/5ff781ddf5260e387d6419959ee89ef13878229732732ee73cdae01800f2/charset_normalizer-3.4.4-cp313-cp313-manylinux_2_31_riscv64.manylinux_2_39_riscv64.whl", hash = "sha256:bc7637e2f80d8530ee4a78e878bce464f70087ce73cf7c1caf142416923b98f1", size = 150601, upload-time = "2025-10-14T04:41:20.245Z" },
    { url = "https://files.pythonhosted.org/packages/d7/57/71be810965493d3510a6ca79b90c19e48696fb1ff964da319334b12677f0/charset_normalizer-3.4.4-cp313-cp313-musllinux_1_2_aarch64.whl", hash = "sha256:f8bf04158c6b607d747e93949aa60618b61312fe647a6369f88ce2ff16043490", size = 150376, upload-time = "2025-10-14T04:41:21.398Z" },
    { url = "https://files.pythonhosted.org/packages/e5/d5/c3d057a78c181d007014feb7e9f2e65905a6c4ef182c0ddf0de2924edd65/charset_normalizer-3.4.4-cp313-cp313-musllinux_1_2_armv7l.whl", hash = "sha256:554af85e960429cf30784dd47447d5125aaa3b99a6f0683589dbd27e2f45da44", size = 144825, upload-time = "2025-10-14T04:41:22.583Z" },
    { url = "https://files.pythonhosted.org/packages/e6/8c/d0406294828d4976f275ffbe66f00266c4b3136b7506941d87c00cab5272/charset_normalizer-3.4.4-cp313-cp313-musllinux_1_2_ppc64le.whl", hash = "sha256:74018750915ee7ad843a774364e13a3db91682f26142baddf775342c3f5b1133", size = 162583, upload-time = "2025-10-14T04:41:23.754Z" },
    { url = "https://files.pythonhosted.org/packages/d7/24/e2aa1f18c8f15c4c0e932d9287b8609dd30ad56dbe41d926bd846e22fb8d/charset_normalizer-3.4.4-cp313-cp313-musllinux_1_2_riscv64.whl", hash = "sha256:c0463276121fdee9c49b98908b3a89c39be45d86d1dbaa22957e38f6321d4ce3", size = 150366, upload-time = "2025-10-14T04:41:25.27Z" },
    { url = "https://files.pythonhosted.org/packages/e4/5b/1e6160c7739aad1e2df054300cc618b06bf784a7a164b0f238360721ab86/charset_normalizer-3.4.4-cp313-cp313-musllinux_1_2_s390x.whl", hash = "sha256:362d61fd13843997c1c446760ef36f240cf81d3ebf74ac62652aebaf7838561e", size = 160300, upload-time = "2025-10-14T04:41:26.725Z" },
    { url = "https://files.pythonhosted.org/packages/7a/10/f882167cd207fbdd743e55534d5d9620e095089d176d55cb22d5322f2afd/charset_normalizer-3.4.4-cp313-cp313-musllinux_1_2_x86_64.whl", hash = "sha256:9a26f18905b8dd5d685d6d07b0cdf98a79f3c7a918906af7cc143ea2e164c8bc", size = 154465, upload-time = "2025-10-14T04:41:28.322Z" },
    { url = "https://files.pythonhosted.org/packages/89/66/c7a9e1b7429be72123441bfdbaf2bc13faab3f90b933f664db506dea5915/charset_normalizer-3.4.4-cp313-cp313-win32.whl", hash = "sha256:9b35f4c90079ff2e2edc5b26c0c77925e5d2d255c42c74fdb70fb49b172726ac", size = 99404, upload-time = "2025-10-14T04:41:29.95Z" },
    { url = "https://files.pythonhosted.org/packages/c4/26/b9924fa27db384bdcd97ab83b4f0a8058d96ad9626ead570674d5e737d90/charset_normalizer-3.4.4-cp313-cp313-win_amd64.whl", hash = "sha256:b435cba5f4f750aa6c0a0d92c541fb79f69a387c91e61f1795227e4ed9cece14", size = 107092, upload-time = "2025-10-14T04:41:31.188Z" },
    { url = "https://files.pythonhosted.org/packages/af/8f/3ed4bfa0c0c72a7ca17f0380cd9e4dd842b09f664e780c13cff1dcf2ef1b/charset_normalizer-3.4.4-cp313-cp313-win_arm64.whl", hash = "sha256:542d2cee80be6f80247095cc36c418f7bddd14f4a6de45af91dfad36d817bba2", size = 100408, upload-time = "2025-10-14T04:41:32.624Z" },
    { url = "https://files.pythonhosted.org/packages/0a/4c/925909008ed5a988ccbb72dcc897407e5d6d3bd72410d69e051fc0c14647/charset_normalizer-3.4.4-py3-none-any.whl", hash = "sha256:7a32c560861a02ff789ad905a2fe94e3f840803362c84fecf1851cb4cf3dc37f", size = 53402, upload-time = "2025-10-14T04:42:31.76Z" },
]

[[package]]
name = "docopt-ng"
version = "0.9.0"
source = { registry = "https://pypi.org/simple" }
sdist = { url = "https://files.pythonhosted.org/packages/e4/50/8d6806cf13138127692ae6ff79ddeb4e25eb3b0bcc3c1bd033e7e04531a9/docopt_ng-0.9.0.tar.gz", hash = "sha256:91c6da10b5bb6f2e9e25345829fb8278c78af019f6fc40887ad49b060483b1d7", size = 32264, upload-time = "2023-05-30T20:46:25.064Z" }
wheels = [
    { url = "https://files.pythonhosted.org/packages/6c/4a/c3b77fc1a24510b08918b43a473410c0168f6e657118807015f1f1edceea/docopt_ng-0.9.0-py3-none-any.whl", hash = "sha256:bfe4c8b03f9fca424c24ee0b4ffa84bf7391cb18c29ce0f6a8227a3b01b81ff9", size = 16689, upload-time = "2023-05-30T20:46:45.294Z" },
]

[[package]]
name = "drain3"
version = "0.9.11"
source = { registry = "https://pypi.org/simple" }
dependencies = [
    { name = "cachetools" },
    { name = "jsonpickle" },
]
sdist = { url = "https://files.pythonhosted.org/packages/dc/83/4da2d3a11b5e0edf1a4f4c0c2dd42126d2eb1f31c733967edd3dfac1af94/drain3-0.9.11.tar.gz", hash = "sha256:9ab4b1407fad74f56554ae371ef019c3c7985861631f4bab46a0e92585125f75", size = 27960, upload-time = "2022-07-17T06:40:11.433Z" }

[[package]]
name = "events"
version = "0.5"
source = { registry = "https://pypi.org/simple" }
wheels = [
    { url = "https://files.pythonhosted.org/packages/25/ed/e47dec0626edd468c84c04d97769e7ab4ea6457b7f54dcb3f72b17fcd876/Events-0.5-py3-none-any.whl", hash = "sha256:a7286af378ba3e46640ac9825156c93bdba7502174dd696090fdfcd4d80a1abd", size = 6758, upload-time = "2023-07-31T08:23:13.645Z" },
]

[[package]]
name = "grpcio"
version = "1.76.0"
source = { registry = "https://pypi.org/simple" }
dependencies = [
    { name = "typing-extensions" },
]
sdist = { url = "https://files.pythonhosted.org/packages/b6/e0/318c1ce3ae5a17894d5791e87aea147587c9e702f24122cc7a5c8bbaeeb1/grpcio-1.76.0.tar.gz", hash = "sha256:7be78388d6da1a25c0d5ec506523db58b18be22d9c37d8d3a32c08be4987bd73", size = 12785182, upload-time = "2025-10-21T16:23:12.106Z" }
wheels = [
    { url = "https://files.pythonhosted.org/packages/fc/ed/71467ab770effc9e8cef5f2e7388beb2be26ed642d567697bb103a790c72/grpcio-1.76.0-cp313-cp313-linux_armv7l.whl", hash = "sha256:26ef06c73eb53267c2b319f43e6634c7556ea37672029241a056629af27c10e2", size = 5807716, upload-time = "2025-10-21T16:21:48.475Z" },
    { url = "https://files.pythonhosted.org/packages/2c/85/c6ed56f9817fab03fa8a111ca91469941fb514e3e3ce6d793cb8f1e1347b/grpcio-1.76.0-cp313-cp313-macosx_11_0_universal2.whl", hash = "sha256:45e0111e73f43f735d70786557dc38141185072d7ff8dc1829d6a77ac1471468", size = 11821522, upload-time = "2025-10-21T16:21:51.142Z" },
    { url = "https://files.pythonhosted.org/packages/ac/31/2b8a235ab40c39cbc141ef647f8a6eb7b0028f023015a4842933bc0d6831/grpcio-1.76.0-cp313-cp313-manylinux2014_aarch64.manylinux_2_17_aarch64.whl", hash = "sha256:83d57312a58dcfe2a3a0f9d1389b299438909a02db60e2f2ea2ae2d8034909d3", size = 6362558, upload-time = "2025-10-21T16:21:54.213Z" },
    { url = "https://files.pythonhosted.org/packages/bd/64/9784eab483358e08847498ee56faf8ff6ea8e0a4592568d9f68edc97e9e9/grpcio-1.76.0-cp313-cp313-manylinux2014_i686.manylinux_2_17_i686.whl", hash = "sha256:3e2a27c89eb9ac3d81ec8835e12414d73536c6e620355d65102503064a4ed6eb", size = 7049990, upload-time = "2025-10-21T16:21:56.476Z" },
    { url = "https://files.pythonhosted.org/packages/2b/94/8c12319a6369434e7a184b987e8e9f3b49a114c489b8315f029e24de4837/grpcio-1.76.0-cp313-cp313-manylinux2014_x86_64.manylinux_2_17_x86_64.whl", hash = "sha256:61f69297cba3950a524f61c7c8ee12e55c486cb5f7db47ff9dcee33da6f0d3ae", size = 6575387, upload-time = "2025-10-21T16:21:59.051Z" },
    { url = "https://files.pythonhosted.org/packages/15/0f/f12c32b03f731f4a6242f771f63039df182c8b8e2cf8075b245b409259d4/grpcio-1.76.0-cp313-cp313-musllinux_1_2_aarch64.whl", hash = "sha256:6a15c17af8839b6801d554263c546c69c4d7718ad4321e3166175b37eaacca77", size = 7166668, upload-time = "2025-10-21T16:22:02.049Z" },
    { url = "https://files.pythonhosted.org/packages/ff/2d/3ec9ce0c2b1d92dd59d1c3264aaec9f0f7c817d6e8ac683b97198a36ed5a/grpcio-1.76.0-cp313-cp313-musllinux_1_2_i686.whl", hash = "sha256:25a18e9810fbc7e7f03ec2516addc116a957f8cbb8cbc95ccc80faa072743d03", size = 8124928, upload-time = "2025-10-21T16:22:04.984Z" },
    { url = "https://files.pythonhosted.org/packages/1a/74/fd3317be5672f4856bcdd1a9e7b5e17554692d3db9a3b273879dc02d657d/grpcio-1.76.0-cp313-cp313-musllinux_1_2_x86_64.whl", hash = "sha256:931091142fd8cc14edccc0845a79248bc155425eee9a98b2db2ea4f00a235a42", size = 7589983, upload-time = "2025-10-21T16:22:07.881Z" },
    { url = "https://files.pythonhosted.org/packages/45/bb/ca038cf420f405971f19821c8c15bcbc875505f6ffadafe9ffd77871dc4c/grpcio-1.76.0-cp313-cp313-win32.whl", hash = "sha256:5e8571632780e08526f118f74170ad8d50fb0a48c23a746bef2a6ebade3abd6f", size = 3984727, upload-time = "2025-10-21T16:22:10.032Z" },
    { url = "https://files.pythonhosted.org/packages/41/80/84087dc56437ced7cdd4b13d7875e7439a52a261e3ab4e06488ba6173b0a/grpcio-1.76.0-cp313-cp313-win_amd64.whl", hash = "sha256:f9f7bd5faab55f47231ad8dba7787866b69f5e93bc306e3915606779bbfb4ba8", size = 4702799, upload-time = "2025-10-21T16:22:12.709Z" },
]

[[package]]
name = "idna"
version = "3.11"
source = { registry = "https://pypi.org/simple" }
sdist = { url = "https://files.pythonhosted.org/packages/6f/6d/0703ccc57f3a7233505399edb88de3cbd678da106337b9fcde432b65ed60/idna-3.11.tar.gz", hash = "sha256:795dafcc9c04ed0c1fb032c2aa73654d8e8c5023a7df64a53f39190ada629902", size = 194582, upload-time = "2025-10-12T14:55:20.501Z" }
wheels = [
    { url = "https://files.pythonhosted.org/packages/0e/61/66938bbb5fc52dbdf84594873d5b51fb1f7c7794e9c0f5bd885f30bc507b/idna-3.11-py3-none-any.whl", hash = "sha256:771a87f49d9defaf64091e6e6fe9c18d4833f140bd19464795bc32d966ca37ea", size = 71008, upload-time = "2025-10-12T14:55:18.883Z" },
]

[[package]]
name = "jinja2"
version = "3.1.6"
source = { registry = "https://pypi.org/simple" }
dependencies = [
    { name = "markupsafe" },
]
sdist = { url = "https://files.pythonhosted.org/packages/df/bf/f7da0350254c0ed7c72f3e33cef02e048281fec7ecec5f032d4aac52226b/jinja2-3.1.6.tar.gz", hash = "sha256:0137fb05990d35f1275a587e9aee6d56da821fc83491a0fb838183be43f66d6d", size = 245115, upload-time = "2025-03-05T20:05:02.478Z" }
wheels = [
    { url = "https://files.pythonhosted.org/packages/62/a1/3d680cbfd5f4b8f15abc1d571870c5fc3e594bb582bc3b64ea099db13e56/jinja2-3.1.6-py3-none-any.whl", hash = "sha256:85ece4451f492d0c13c5dd7c13a64681a86afae63a5f347908daf103ce6d2f67", size = 134899, upload-time = "2025-03-05T20:05:00.369Z" },
]

[[package]]
name = "jsonpickle"
version = "1.5.1"
source = { registry = "https://pypi.org/simple" }
sdist = { url = "https://files.pythonhosted.org/packages/af/62/31ef0b58050a3731b079af69932104a9443bff07fe2b9564c161e3ec4348/jsonpickle-1.5.1.tar.gz", hash = "sha256:060f97096559d1b86aa16cac2f4ea5f7b6da0c15d8a4de150b78013a886f9a51", size = 109560, upload-time = "2021-01-31T05:57:15.037Z" }
wheels = [
    { url = "https://files.pythonhosted.org/packages/77/a7/c2f527ddce3155ae9e008385963c2325cbfd52969f8b38efa2723e2af4af/jsonpickle-1.5.1-py2.py3-none-any.whl", hash = "sha256:8eb8323f0e12cb40687f0445e2115d8165901e20ac670add55bb53a95c68c0e5", size = 37124, upload-time = "2021-01-31T05:57:12.256Z" },
]

[[package]]
name = "markupsafe"
version = "3.0.3"
source = { registry = "https://pypi.org/simple" }
sdist = { url = "https://files.pythonhosted.org/packages/7e/99/7690b6d4034fffd95959cbe0c02de8deb3098cc577c67bb6a24fe5d7caa7/markupsafe-3.0.3.tar.gz", hash = "sha256:722695808f4b6457b320fdc131280796bdceb04ab50fe1795cd540799ebe1698", size = 80313, upload-time = "2025-09-27T18:37:40.426Z" }
wheels = [
    { url = "https://files.pythonhosted.org/packages/38/2f/907b9c7bbba283e68f20259574b13d005c121a0fa4c175f9bed27c4597ff/markupsafe-3.0.3-cp313-cp313-macosx_10_13_x86_64.whl", hash = "sha256:e1cf1972137e83c5d4c136c43ced9ac51d0e124706ee1c8aa8532c1287fa8795", size = 11622, upload-time = "2025-09-27T18:36:41.777Z" },
    { url = "https://files.pythonhosted.org/packages/9c/d9/5f7756922cdd676869eca1c4e3c0cd0df60ed30199ffd775e319089cb3ed/markupsafe-3.0.3-cp313-cp313-macosx_11_0_arm64.whl", hash = "sha256:116bb52f642a37c115f517494ea5feb03889e04df47eeff5b130b1808ce7c219", size = 12029, upload-time = "2025-09-27T18:36:43.257Z" },
    { url = "https://files.pythonhosted.org/packages/00/07/575a68c754943058c78f30db02ee03a64b3c638586fba6a6dd56830b30a3/markupsafe-3.0.3-cp313-cp313-manylinux2014_aarch64.manylinux_2_17_aarch64.manylinux_2_28_aarch64.whl", hash = "sha256:133a43e73a802c5562be9bbcd03d090aa5a1fe899db609c29e8c8d815c5f6de6", size = 24374, upload-time = "2025-09-27T18:36:44.508Z" },
    { url = "https://files.pythonhosted.org/packages/a9/21/9b05698b46f218fc0e118e1f8168395c65c8a2c750ae2bab54fc4bd4e0e8/markupsafe-3.0.3-cp313-cp313-manylinux2014_x86_64.manylinux_2_17_x86_64.manylinux_2_28_x86_64.whl", hash = "sha256:ccfcd093f13f0f0b7fdd0f198b90053bf7b2f02a3927a30e63f3ccc9df56b676", size = 22980, upload-time = "2025-09-27T18:36:45.385Z" },
    { url = "https://files.pythonhosted.org/packages/7f/71/544260864f893f18b6827315b988c146b559391e6e7e8f7252839b1b846a/markupsafe-3.0.3-cp313-cp313-manylinux_2_31_riscv64.manylinux_2_39_riscv64.whl", hash = "sha256:509fa21c6deb7a7a273d629cf5ec029bc209d1a51178615ddf718f5918992ab9", size = 21990, upload-time = "2025-09-27T18:36:46.916Z" },
    { url = "https://files.pythonhosted.org/packages/c2/28/b50fc2f74d1ad761af2f5dcce7492648b983d00a65b8c0e0cb457c82ebbe/markupsafe-3.0.3-cp313-cp313-musllinux_1_2_aarch64.whl", hash = "sha256:a4afe79fb3de0b7097d81da19090f4df4f8d3a2b3adaa8764138aac2e44f3af1", size = 23784, upload-time = "2025-09-27T18:36:47.884Z" },
    { url = "https://files.pythonhosted.org/packages/ed/76/104b2aa106a208da8b17a2fb72e033a5a9d7073c68f7e508b94916ed47a9/markupsafe-3.0.3-cp313-cp313-musllinux_1_2_riscv64.whl", hash = "sha256:795e7751525cae078558e679d646ae45574b47ed6e7771863fcc079a6171a0fc", size = 21588, upload-time = "2025-09-27T18:36:48.82Z" },
    { url = "https://files.pythonhosted.org/packages/b5/99/16a5eb2d140087ebd97180d95249b00a03aa87e29cc224056274f2e45fd6/markupsafe-3.0.3-cp313-cp313-musllinux_1_2_x86_64.whl", hash = "sha256:8485f406a96febb5140bfeca44a73e3ce5116b2501ac54fe953e488fb1d03b12", size = 23041, upload-time = "2025-09-27T18:36:49.797Z" },
    { url = "https://files.pythonhosted.org/packages/19/bc/e7140ed90c5d61d77cea142eed9f9c303f4c4806f60a1044c13e3f1471d0/markupsafe-3.0.3-cp313-cp313-win32.whl", hash = "sha256:bdd37121970bfd8be76c5fb069c7751683bdf373db1ed6c010162b2a130248ed", size = 14543, upload-time = "2025-09-27T18:36:51.584Z" },
    { url = "https://files.pythonhosted.org/packages/05/73/c4abe620b841b6b791f2edc248f556900667a5a1cf023a6646967ae98335/markupsafe-3.0.3-cp313-cp313-win_amd64.whl", hash = "sha256:9a1abfdc021a164803f4d485104931fb8f8c1efd55bc6b748d2f5774e78b62c5", size = 15113, upload-time = "2025-09-27T18:36:52.537Z" },
    { url = "https://files.pythonhosted.org/packages/f0/3a/fa34a0f7cfef23cf9500d68cb7c32dd64ffd58a12b09225fb03dd37d5b80/markupsafe-3.0.3-cp313-cp313-win_arm64.whl", hash = "sha256:7e68f88e5b8799aa49c85cd116c932a1ac15caaa3f5db09087854d218359e485", size = 13911, upload-time = "2025-09-27T18:36:53.513Z" },
    { url = "https://files.pythonhosted.org/packages/e4/d7/e05cd7efe43a88a17a37b3ae96e79a19e846f3f456fe79c57ca61356ef01/markupsafe-3.0.3-cp313-cp313t-macosx_10_13_x86_64.whl", hash = "sha256:218551f6df4868a8d527e3062d0fb968682fe92054e89978594c28e642c43a73", size = 11658, upload-time = "2025-09-27T18:36:54.819Z" },
    { url = "https://files.pythonhosted.org/packages/99/9e/e412117548182ce2148bdeacdda3bb494260c0b0184360fe0d56389b523b/markupsafe-3.0.3-cp313-cp313t-macosx_11_0_arm64.whl", hash = "sha256:3524b778fe5cfb3452a09d31e7b5adefeea8c5be1d43c4f810ba09f2ceb29d37", size = 12066, upload-time = "2025-09-27T18:36:55.714Z" },
    { url = "https://files.pythonhosted.org/packages/bc/e6/fa0ffcda717ef64a5108eaa7b4f5ed28d56122c9a6d70ab8b72f9f715c80/markupsafe-3.0.3-cp313-cp313t-manylinux2014_aarch64.manylinux_2_17_aarch64.manylinux_2_28_aarch64.whl", hash = "sha256:4e885a3d1efa2eadc93c894a21770e4bc67899e3543680313b09f139e149ab19", size = 25639, upload-time = "2025-09-27T18:36:56.908Z" },
    { url = "https://files.pythonhosted.org/packages/96/ec/2102e881fe9d25fc16cb4b25d5f5cde50970967ffa5dddafdb771237062d/markupsafe-3.0.3-cp313-cp313t-manylinux2014_x86_64.manylinux_2_17_x86_64.manylinux_2_28_x86_64.whl", hash = "sha256:8709b08f4a89aa7586de0aadc8da56180242ee0ada3999749b183aa23df95025", size = 23569, upload-time = "2025-09-27T18:36:57.913Z" },
    { url = "https://files.pythonhosted.org/packages/4b/30/6f2fce1f1f205fc9323255b216ca8a235b15860c34b6798f810f05828e32/markupsafe-3.0.3-cp313-cp313t-manylinux_2_31_riscv64.manylinux_2_39_riscv64.whl", hash = "sha256:b8512a91625c9b3da6f127803b166b629725e68af71f8184ae7e7d54686a56d6", size = 23284, upload-time = "2025-09-27T18:36:58.833Z" },
    { url = "https://files.pythonhosted.org/packages/58/47/4a0ccea4ab9f5dcb6f79c0236d954acb382202721e704223a8aafa38b5c8/markupsafe-3.0.3-cp313-cp313t-musllinux_1_2_aarch64.whl", hash = "sha256:9b79b7a16f7fedff2495d684f2b59b0457c3b493778c9eed31111be64d58279f", size = 24801, upload-time = "2025-09-27T18:36:59.739Z" },
    { url = "https://files.pythonhosted.org/packages/6a/70/3780e9b72180b6fecb83a4814d84c3bf4b4ae4bf0b19c27196104149734c/markupsafe-3.0.3-cp313-cp313t-musllinux_1_2_riscv64.whl", hash = "sha256:12c63dfb4a98206f045aa9563db46507995f7ef6d83b2f68eda65c307c6829eb", size = 22769, upload-time = "2025-09-27T18:37:00.719Z" },
    { url = "https://files.pythonhosted.org/packages/98/c5/c03c7f4125180fc215220c035beac6b9cb684bc7a067c84fc69414d315f5/markupsafe-3.0.3-cp313-cp313t-musllinux_1_2_x86_64.whl", hash = "sha256:8f71bc33915be5186016f675cd83a1e08523649b0e33efdb898db577ef5bb009", size = 23642, upload-time = "2025-09-27T18:37:01.673Z" },
    { url = "https://files.pythonhosted.org/packages/80/d6/2d1b89f6ca4bff1036499b1e29a1d02d282259f3681540e16563f27ebc23/markupsafe-3.0.3-cp313-cp313t-win32.whl", hash = "sha256:69c0b73548bc525c8cb9a251cddf1931d1db4d2258e9599c28c07ef3580ef354", size = 14612, upload-time = "2025-09-27T18:37:02.639Z" },
    { url = "https://files.pythonhosted.org/packages/2b/98/e48a4bfba0a0ffcf9925fe2d69240bfaa19c6f7507b8cd09c70684a53c1e/markupsafe-3.0.3-cp313-cp313t-win_amd64.whl", hash = "sha256:1b4b79e8ebf6b55351f0d91fe80f893b4743f104bff22e90697db1590e47a218", size = 15200, upload-time = "2025-09-27T18:37:03.582Z" },
    { url = "https://files.pythonhosted.org/packages/0e/72/e3cc540f351f316e9ed0f092757459afbc595824ca724cbc5a5d4263713f/markupsafe-3.0.3-cp313-cp313t-win_arm64.whl", hash = "sha256:ad2cf8aa28b8c020ab2fc8287b0f823d0a7d8630784c31e9ee5edea20f406287", size = 13973, upload-time = "2025-09-27T18:37:04.929Z" },
]

[[package]]
name = "opensearch-protobufs"
version = "0.19.0"
source = { registry = "https://pypi.org/simple" }
dependencies = [
    { name = "grpcio" },
    { name = "protobuf" },
]
wheels = [
    { url = "https://files.pythonhosted.org/packages/16/e2/8a09dbdbfe51e30dfecb625a0f5c524a53bfa4b1fba168f73ac85621dba2/opensearch_protobufs-0.19.0-py3-none-any.whl", hash = "sha256:5137c9c2323cc7debb694754b820ca4cfb5fc8eb180c41ff125698c3ee11bfc2", size = 39778, upload-time = "2025-09-29T20:05:52.379Z" },
]

[[package]]
name = "opensearch-py"
version = "3.1.0"
source = { registry = "https://pypi.org/simple" }
dependencies = [
    { name = "certifi" },
    { name = "events" },
    { name = "opensearch-protobufs" },
    { name = "python-dateutil" },
    { name = "requests" },
    { name = "urllib3" },
]
sdist = { url = "https://files.pythonhosted.org/packages/65/9f/d4969f7e8fa221bfebf254cc3056e7c743ce36ac9874e06110474f7c947d/opensearch_py-3.1.0.tar.gz", hash = "sha256:883573af13175ff102b61c80b77934a9e937bdcc40cda2b92051ad53336bc055", size = 258616, upload-time = "2025-11-20T16:37:36.777Z" }
wheels = [
    { url = "https://files.pythonhosted.org/packages/08/a1/293c8ad81768ad625283d960685bde07c6302abf20a685e693b48ab6eb91/opensearch_py-3.1.0-py3-none-any.whl", hash = "sha256:e5af83d0454323e6ea9ddee8c0dcc185c0181054592d23cb701da46271a3b65b", size = 385729, upload-time = "2025-11-20T16:37:34.941Z" },
]

[[package]]
name = "protobuf"
version = "6.33.1"
source = { registry = "https://pypi.org/simple" }
sdist = { url = "https://files.pythonhosted.org/packages/0a/03/a1440979a3f74f16cab3b75b0da1a1a7f922d56a8ddea96092391998edc0/protobuf-6.33.1.tar.gz", hash = "sha256:97f65757e8d09870de6fd973aeddb92f85435607235d20b2dfed93405d00c85b", size = 443432, upload-time = "2025-11-13T16:44:18.895Z" }
wheels = [
    { url = "https://files.pythonhosted.org/packages/06/f1/446a9bbd2c60772ca36556bac8bfde40eceb28d9cc7838755bc41e001d8f/protobuf-6.33.1-cp310-abi3-win32.whl", hash = "sha256:f8d3fdbc966aaab1d05046d0240dd94d40f2a8c62856d41eaa141ff64a79de6b", size = 425593, upload-time = "2025-11-13T16:44:06.275Z" },
    { url = "https://files.pythonhosted.org/packages/a6/79/8780a378c650e3df849b73de8b13cf5412f521ca2ff9b78a45c247029440/protobuf-6.33.1-cp310-abi3-win_amd64.whl", hash = "sha256:923aa6d27a92bf44394f6abf7ea0500f38769d4b07f4be41cb52bd8b1123b9ed", size = 436883, upload-time = "2025-11-13T16:44:09.222Z" },
    { url = "https://files.pythonhosted.org/packages/cd/93/26213ff72b103ae55bb0d73e7fb91ea570ef407c3ab4fd2f1f27cac16044/protobuf-6.33.1-cp39-abi3-macosx_10_9_universal2.whl", hash = "sha256:fe34575f2bdde76ac429ec7b570235bf0c788883e70aee90068e9981806f2490", size = 427522, upload-time = "2025-11-13T16:44:10.475Z" },
    { url = "https://files.pythonhosted.org/packages/c2/32/df4a35247923393aa6b887c3b3244a8c941c32a25681775f96e2b418f90e/protobuf-6.33.1-cp39-abi3-manylinux2014_aarch64.whl", hash = "sha256:f8adba2e44cde2d7618996b3fc02341f03f5bc3f2748be72dc7b063319276178", size = 324445, upload-time = "2025-11-13T16:44:11.869Z" },
    { url = "https://files.pythonhosted.org/packages/8e/d0/d796e419e2ec93d2f3fa44888861c3f88f722cde02b7c3488fcc6a166820/protobuf-6.33.1-cp39-abi3-manylinux2014_s390x.whl", hash = "sha256:0f4cf01222c0d959c2b399142deb526de420be8236f22c71356e2a544e153c53", size = 339161, upload-time = "2025-11-13T16:44:12.778Z" },
    { url = "https://files.pythonhosted.org/packages/1d/2a/3c5f05a4af06649547027d288747f68525755de692a26a7720dced3652c0/protobuf-6.33.1-cp39-abi3-manylinux2014_x86_64.whl", hash = "sha256:8fd7d5e0eb08cd5b87fd3df49bc193f5cfd778701f47e11d127d0afc6c39f1d1", size = 323171, upload-time = "2025-11-13T16:44:14.035Z" },
    { url = "https://files.pythonhosted.org/packages/08/b4/46310463b4f6ceef310f8348786f3cff181cea671578e3d9743ba61a459e/protobuf-6.33.1-py3-none-any.whl", hash = "sha256:d595a9fd694fdeb061a62fbe10eb039cc1e444df81ec9bb70c7fc59ebcb1eafa", size = 170477, upload-time = "2025-11-13T16:44:17.633Z" },
]

[[package]]
name = "python-dateutil"
version = "2.9.0.post0"
source = { registry = "https://pypi.org/simple" }
dependencies = [
    { name = "six" },
]
sdist = { url = "https://files.pythonhosted.org/packages/66/c0/0c8b6ad9f17a802ee498c46e004a0eb49bc148f2fd230864601a86dcf6db/python-dateutil-2.9.0.post0.tar.gz", hash = "sha256:37dd54208da7e1cd875388217d5e00ebd4179249f90fb72437e91a35459a0ad3", size = 342432, upload-time = "2024-03-01T18:36:20.211Z" }
wheels = [
    { url = "https://files.pythonhosted.org/packages/ec/57/56b9bcc3c9c6a792fcbaf139543cee77261f3651ca9da0c93f5c1221264b/python_dateutil-2.9.0.post0-py2.py3-none-any.whl", hash = "sha256:a8b2bc7bffae282281c8140a97d3aa9c14da0b136dfe83f850eea9a5f7470427", size = 229892, upload-time = "2024-03-01T18:36:18.57Z" },
]

[[package]]
name = "pytz"
version = "2025.2"
source = { registry = "https://pypi.org/simple" }
sdist = { url = "https://files.pythonhosted.org/packages/f8/bf/abbd3cdfb8fbc7fb3d4d38d320f2441b1e7cbe29be4f23797b4a2b5d8aac/pytz-2025.2.tar.gz", hash = "sha256:360b9e3dbb49a209c21ad61809c7fb453643e048b38924c765813546746e81c3", size = 320884, upload-time = "2025-03-25T02:25:00.538Z" }
wheels = [
    { url = "https://files.pythonhosted.org/packages/81/c4/34e93fe5f5429d7570ec1fa436f1986fb1f00c3e0f43a589fe2bbcd22c3f/pytz-2025.2-py2.py3-none-any.whl", hash = "sha256:5ddf76296dd8c44c26eb8f4b6f35488f3ccbf6fbbd7adee0b7262d43f0ec2f00", size = 509225, upload-time = "2025-03-25T02:24:58.468Z" },
]

[[package]]
name = "requests"
version = "2.32.5"
source = { registry = "https://pypi.org/simple" }
dependencies = [
    { name = "certifi" },
    { name = "charset-normalizer" },
    { name = "idna" },
    { name = "urllib3" },
]
sdist = { url = "https://files.pythonhosted.org/packages/c9/74/b3ff8e6c8446842c3f5c837e9c3dfcfe2018ea6ecef224c710c85ef728f4/requests-2.32.5.tar.gz", hash = "sha256:dbba0bac56e100853db0ea71b82b4dfd5fe2bf6d3754a8893c3af500cec7d7cf", size = 134517, upload-time = "2025-08-18T20:46:02.573Z" }
wheels = [
    { url = "https://files.pythonhosted.org/packages/1e/db/4254e3eabe8020b458f1a747140d32277ec7a271daf1d235b70dc0b4e6e3/requests-2.32.5-py3-none-any.whl", hash = "sha256:2462f94637a34fd532264295e186976db0f5d453d1cdd31473c85a6a161affb6", size = 64738, upload-time = "2025-08-18T20:46:00.542Z" },
]

[[package]]
name = "ruff"
version = "0.14.6"
source = { registry = "https://pypi.org/simple" }
sdist = { url = "https://files.pythonhosted.org/packages/52/f0/62b5a1a723fe183650109407fa56abb433b00aa1c0b9ba555f9c4efec2c6/ruff-0.14.6.tar.gz", hash = "sha256:6f0c742ca6a7783a736b867a263b9a7a80a45ce9bee391eeda296895f1b4e1cc", size = 5669501, upload-time = "2025-11-21T14:26:17.903Z" }
wheels = [
    { url = "https://files.pythonhosted.org/packages/67/d2/7dd544116d107fffb24a0064d41a5d2ed1c9d6372d142f9ba108c8e39207/ruff-0.14.6-py3-none-linux_armv6l.whl", hash = "sha256:d724ac2f1c240dbd01a2ae98db5d1d9a5e1d9e96eba999d1c48e30062df578a3", size = 13326119, upload-time = "2025-11-21T14:25:24.2Z" },
    { url = "https://files.pythonhosted.org/packages/36/6a/ad66d0a3315d6327ed6b01f759d83df3c4d5f86c30462121024361137b6a/ruff-0.14.6-py3-none-macosx_10_12_x86_64.whl", hash = "sha256:9f7539ea257aa4d07b7ce87aed580e485c40143f2473ff2f2b75aee003186004", size = 13526007, upload-time = "2025-11-21T14:25:26.906Z" },
    { url = "https://files.pythonhosted.org/packages/a3/9d/dae6db96df28e0a15dea8e986ee393af70fc97fd57669808728080529c37/ruff-0.14.6-py3-none-macosx_11_0_arm64.whl", hash = "sha256:7f6007e55b90a2a7e93083ba48a9f23c3158c433591c33ee2e99a49b889c6332", size = 12676572, upload-time = "2025-11-21T14:25:29.826Z" },
    { url = "https://files.pythonhosted.org/packages/76/a4/f319e87759949062cfee1b26245048e92e2acce900ad3a909285f9db1859/ruff-0.14.6-py3-none-manylinux_2_17_aarch64.manylinux2014_aarch64.whl", hash = "sha256:0a8e7b9d73d8728b68f632aa8e824ef041d068d231d8dbc7808532d3629a6bef", size = 13140745, upload-time = "2025-11-21T14:25:32.788Z" },
    { url = "https://files.pythonhosted.org/packages/95/d3/248c1efc71a0a8ed4e8e10b4b2266845d7dfc7a0ab64354afe049eaa1310/ruff-0.14.6-py3-none-manylinux_2_17_armv7l.manylinux2014_armv7l.whl", hash = "sha256:d50d45d4553a3ebcbd33e7c5e0fe6ca4aafd9a9122492de357205c2c48f00775", size = 13076486, upload-time = "2025-11-21T14:25:35.601Z" },
    { url = "https://files.pythonhosted.org/packages/a5/19/b68d4563fe50eba4b8c92aa842149bb56dd24d198389c0ed12e7faff4f7d/ruff-0.14.6-py3-none-manylinux_2_17_i686.manylinux2014_i686.whl", hash = "sha256:118548dd121f8a21bfa8ab2c5b80e5b4aed67ead4b7567790962554f38e598ce", size = 13727563, upload-time = "2025-11-21T14:25:38.514Z" },
    { url = "https://files.pythonhosted.org/packages/47/ac/943169436832d4b0e867235abbdb57ce3a82367b47e0280fa7b4eabb7593/ruff-0.14.6-py3-none-manylinux_2_17_ppc64.manylinux2014_ppc64.whl", hash = "sha256:57256efafbfefcb8748df9d1d766062f62b20150691021f8ab79e2d919f7c11f", size = 15199755, upload-time = "2025-11-21T14:25:41.516Z" },
    { url = "https://files.pythonhosted.org/packages/c9/b9/288bb2399860a36d4bb0541cb66cce3c0f4156aaff009dc8499be0c24bf2/ruff-0.14.6-py3-none-manylinux_2_17_ppc64le.manylinux2014_ppc64le.whl", hash = "sha256:ff18134841e5c68f8e5df1999a64429a02d5549036b394fafbe410f886e1989d", size = 14850608, upload-time = "2025-11-21T14:25:44.428Z" },
    { url = "https://files.pythonhosted.org/packages/ee/b1/a0d549dd4364e240f37e7d2907e97ee80587480d98c7799d2d8dc7a2f605/ruff-0.14.6-py3-none-manylinux_2_17_s390x.manylinux2014_s390x.whl", hash = "sha256:29c4b7ec1e66a105d5c27bd57fa93203637d66a26d10ca9809dc7fc18ec58440", size = 14118754, upload-time = "2025-11-21T14:25:47.214Z" },
    { url = "https://files.pythonhosted.org/packages/13/ac/9b9fe63716af8bdfddfacd0882bc1586f29985d3b988b3c62ddce2e202c3/ruff-0.14.6-py3-none-manylinux_2_17_x86_64.manylinux2014_x86_64.whl", hash = "sha256:167843a6f78680746d7e226f255d920aeed5e4ad9c03258094a2d49d3028b105", size = 13949214, upload-time = "2025-11-21T14:25:50.002Z" },
    { url = "https://files.pythonhosted.org/packages/12/27/4dad6c6a77fede9560b7df6802b1b697e97e49ceabe1f12baf3ea20862e9/ruff-0.14.6-py3-none-manylinux_2_31_riscv64.whl", hash = "sha256:16a33af621c9c523b1ae006b1b99b159bf5ac7e4b1f20b85b2572455018e0821", size = 14106112, upload-time = "2025-11-21T14:25:52.841Z" },
    { url = "https://files.pythonhosted.org/packages/6a/db/23e322d7177873eaedea59a7932ca5084ec5b7e20cb30f341ab594130a71/ruff-0.14.6-py3-none-musllinux_1_2_aarch64.whl", hash = "sha256:1432ab6e1ae2dc565a7eea707d3b03a0c234ef401482a6f1621bc1f427c2ff55", size = 13035010, upload-time = "2025-11-21T14:25:55.536Z" },
    { url = "https://files.pythonhosted.org/packages/a8/9c/20e21d4d69dbb35e6a1df7691e02f363423658a20a2afacf2a2c011800dc/ruff-0.14.6-py3-none-musllinux_1_2_armv7l.whl", hash = "sha256:4c55cfbbe7abb61eb914bfd20683d14cdfb38a6d56c6c66efa55ec6570ee4e71", size = 13054082, upload-time = "2025-11-21T14:25:58.625Z" },
    { url = "https://files.pythonhosted.org/packages/66/25/906ee6a0464c3125c8d673c589771a974965c2be1a1e28b5c3b96cb6ef88/ruff-0.14.6-py3-none-musllinux_1_2_i686.whl", hash = "sha256:efea3c0f21901a685fff4befda6d61a1bf4cb43de16da87e8226a281d614350b", size = 13303354, upload-time = "2025-11-21T14:26:01.816Z" },
    { url = "https://files.pythonhosted.org/packages/4c/58/60577569e198d56922b7ead07b465f559002b7b11d53f40937e95067ca1c/ruff-0.14.6-py3-none-musllinux_1_2_x86_64.whl", hash = "sha256:344d97172576d75dc6afc0e9243376dbe1668559c72de1864439c4fc95f78185", size = 14054487, upload-time = "2025-11-21T14:26:05.058Z" },
    { url = "https://files.pythonhosted.org/packages/67/0b/8e4e0639e4cc12547f41cb771b0b44ec8225b6b6a93393176d75fe6f7d40/ruff-0.14.6-py3-none-win32.whl", hash = "sha256:00169c0c8b85396516fdd9ce3446c7ca20c2a8f90a77aa945ba6b8f2bfe99e85", size = 13013361, upload-time = "2025-11-21T14:26:08.152Z" },
    { url = "https://files.pythonhosted.org/packages/fb/02/82240553b77fd1341f80ebb3eaae43ba011c7a91b4224a9f317d8e6591af/ruff-0.14.6-py3-none-win_amd64.whl", hash = "sha256:390e6480c5e3659f8a4c8d6a0373027820419ac14fa0d2713bd8e6c3e125b8b9", size = 14432087, upload-time = "2025-11-21T14:26:10.891Z" },
    { url = "https://files.pythonhosted.org/packages/a5/1f/93f9b0fad9470e4c829a5bb678da4012f0c710d09331b860ee555216f4ea/ruff-0.14.6-py3-none-win_arm64.whl", hash = "sha256:d43c81fbeae52cfa8728d8766bbf46ee4298c888072105815b392da70ca836b2", size = 13520930, upload-time = "2025-11-21T14:26:13.951Z" },
]

[[package]]
name = "six"
version = "1.17.0"
source = { registry = "https://pypi.org/simple" }
sdist = { url = "https://files.pythonhosted.org/packages/94/e7/b2c673351809dca68a0e064b6af791aa332cf192da575fd474ed7d6f16a2/six-1.17.0.tar.gz", hash = "sha256:ff70335d468e7eb6ec65b95b99d3a2836546063f63acc5171de367e834932a81", size = 34031, upload-time = "2024-12-04T17:35:28.174Z" }
wheels = [
    { url = "https://files.pythonhosted.org/packages/b7/ce/149a00dd41f10bc29e5921b496af8b574d8413afcd5e30dfa0ed46c2cc5e/six-1.17.0-py2.py3-none-any.whl", hash = "sha256:4721f391ed90541fddacab5acf947aa0d3dc7d27b2e1e8eda2be8970586c3274", size = 11050, upload-time = "2024-12-04T17:35:26.475Z" },
]

[[package]]
name = "teuthology-metrics"
version = "0.1.0"
source = { virtual = "." }
dependencies = [
    { name = "apscheduler" },
    { name = "docopt-ng" },
    { name = "drain3" },
    { name = "jinja2" },
    { name = "opensearch-py" },
    { name = "pytz" },
    { name = "requests" },
    { name = "ruff" },
]

[package.metadata]
requires-dist = [
    { name = "apscheduler", specifier = ">=3.11.1" },
    { name = "docopt-ng", specifier = ">=0.9.0" },
    { name = "drain3", specifier = "==0.9.11" },
    { name = "jinja2", specifier = ">=3.1.6" },
    { name = "opensearch-py", specifier = ">=3.1.0" },
    { name = "pytz", specifier = ">=2025.2" },
    { name = "requests", specifier = ">=2.32.5" },
    { name = "ruff", specifier = ">=0.14.6" },
]

[[package]]
name = "typing-extensions"
version = "4.15.0"
source = { registry = "https://pypi.org/simple" }
sdist = { url = "https://files.pythonhosted.org/packages/72/94/1a15dd82efb362ac84269196e94cf00f187f7ed21c242792a923cdb1c61f/typing_extensions-4.15.0.tar.gz", hash = "sha256:0cea48d173cc12fa28ecabc3b837ea3cf6f38c6d1136f85cbaaf598984861466", size = 109391, upload-time = "2025-08-25T13:49:26.313Z" }
wheels = [
    { url = "https://files.pythonhosted.org/packages/18/67/36e9267722cc04a6b9f15c7f3441c2363321a3ea07da7ae0c0707beb2a9c/typing_extensions-4.15.0-py3-none-any.whl", hash = "sha256:f0fa19c6845758ab08074a0cfa8b7aecb71c999ca73d62883bc25cc018c4e548", size = 44614, upload-time = "2025-08-25T13:49:24.86Z" },
]

[[package]]
name = "tzdata"
version = "2025.2"
source = { registry = "https://pypi.org/simple" }
sdist = { url = "https://files.pythonhosted.org/packages/95/32/1a225d6164441be760d75c2c42e2780dc0873fe382da3e98a2e1e48361e5/tzdata-2025.2.tar.gz", hash = "sha256:b60a638fcc0daffadf82fe0f57e53d06bdec2f36c4df66280ae79bce6bd6f2b9", size = 196380, upload-time = "2025-03-23T13:54:43.652Z" }
wheels = [
    { url = "https://files.pythonhosted.org/packages/5c/23/c7abc0ca0a1526a0774eca151daeb8de62ec457e77262b66b359c3c7679e/tzdata-2025.2-py2.py3-none-any.whl", hash = "sha256:1a403fada01ff9221ca8044d701868fa132215d84beb92242d9acd2147f667a8", size = 347839, upload-time = "2025-03-23T13:54:41.845Z" },
]

[[package]]
name = "tzlocal"
version = "5.3.1"
source = { registry = "https://pypi.org/simple" }
dependencies = [
    { name = "tzdata", marker = "sys_platform == 'win32'" },
]
sdist = { url = "https://files.pythonhosted.org/packages/8b/2e/c14812d3d4d9cd1773c6be938f89e5735a1f11a9f184ac3639b93cef35d5/tzlocal-5.3.1.tar.gz", hash = "sha256:cceffc7edecefea1f595541dbd6e990cb1ea3d19bf01b2809f362a03dd7921fd", size = 30761, upload-time = "2025-03-05T21:17:41.549Z" }
wheels = [
    { url = "https://files.pythonhosted.org/packages/c2/14/e2a54fabd4f08cd7af1c07030603c3356b74da07f7cc056e600436edfa17/tzlocal-5.3.1-py3-none-any.whl", hash = "sha256:eb1a66c3ef5847adf7a834f1be0800581b683b5608e74f86ecbcef8ab91bb85d", size = 18026, upload-time = "2025-03-05T21:17:39.857Z" },
]

[[package]]
name = "urllib3"
version = "2.5.0"
source = { registry = "https://pypi.org/simple" }
sdist = { url = "https://files.pythonhosted.org/packages/15/22/9ee70a2574a4f4599c47dd506532914ce044817c7752a79b6a51286319bc/urllib3-2.5.0.tar.gz", hash = "sha256:3fc47733c7e419d4bc3f6b3dc2b4f890bb743906a30d56ba4a5bfa4bbff92760", size = 393185, upload-time = "2025-06-18T14:07:41.644Z" }
wheels = [
    { url = "https://files.pythonhosted.org/packages/a7/c2/fe1e52489ae3122415c51f387e221dd0773709bad6c6cdaa599e8a2c5185/urllib3-2.5.0-py3-none-any.whl", hash = "sha256:e6b01673c0fa6a13e374b50871808eb3bf7046c4b125b216f6bf1cc604cff0dc", size = 129795, upload-time = "2025-06-18T14:07:40.39Z" },
]
